Microsoft Visual Studio Solution File, Format Version 12.00
# Visual Studio Version 17
VisualStudioVersion = 17.0.31903.59
MinimumVisualStudioVersion = 10.0.40219.1
Project("{FAE04EC0-301F-11D3-BF4B-00C04F79EFBC}") = "DataDeveloper", "DataDeveloper\DataDeveloper.csproj", "{19B9B9F2-2D2B-41CB-ABF2-CDA0FC6BE9F5}"
EndProject
Project("{FAE04EC0-301F-11D3-BF4B-00C04F79EFBC}") = "DataDeveloper.DataGrid", "DataDeveloper.DataGrid\DataDeveloper.DataGrid.csproj", "{908E652D-5A5F-4C6A-96C2-451311CC38CD}"
EndProject
Project("{2150E333-8FDC-42A3-9474-1A3956D46DE8}") = "DataDeveloper", "DataDeveloper", "{FAF2B864-AE65-460A-BD62-163B1C1838DE}"
EndProject
Project("{FAE04EC0-301F-11D3-BF4B-00C04F79EFBC}") = "DataDeveloper.Data", "DataDeveloper.Data\DataDeveloper.Data.csproj", "{A4835CC5-C00D-4F16-943F-D57B3A8547CD}"
EndProject
Project("{FAE04EC0-301F-11D3-BF4B-00C04F79EFBC}") = "DataDeveloper.Core", "DataDeveloper.Core\DataDeveloper.Core.csproj", "{C228BF58-BD11-40FB-B356-196CDFE2F5C3}"
EndProject
Global
	GlobalSection(SolutionConfigurationPlatforms) = preSolution
		Debug|Any CPU = Debug|Any CPU
		Release|Any CPU = Release|Any CPU
	EndGlobalSection
	GlobalSection(ProjectConfigurationPlatforms) = postSolution
		{19B9B9F2-2D2B-41CB-ABF2-CDA0FC6BE9F5}.Debug|Any CPU.ActiveCfg = Debug|Any CPU
		{19B9B9F2-2D2B-41CB-ABF2-CDA0FC6BE9F5}.Debug|Any CPU.Build.0 = Debug|Any CPU
		{19B9B9F2-2D2B-41CB-ABF2-CDA0FC6BE9F5}.Release|Any CPU.ActiveCfg = Release|Any CPU
		{19B9B9F2-2D2B-41CB-ABF2-CDA0FC6BE9F5}.Release|Any CPU.Build.0 = Release|Any CPU
		{908E652D-5A5F-4C6A-96C2-451311CC38CD}.Debug|Any CPU.ActiveCfg = Debug|Any CPU
		{908E652D-5A5F-4C6A-96C2-451311CC38CD}.Debug|Any CPU.Build.0 = Debug|Any CPU
		{908E652D-5A5F-4C6A-96C2-451311CC38CD}.Release|Any CPU.ActiveCfg = Release|Any CPU
		{908E652D-5A5F-4C6A-96C2-451311CC38CD}.Release|Any CPU.Build.0 = Release|Any CPU
		{A4835CC5-C00D-4F16-943F-D57B3A8547CD}.Debug|Any CPU.ActiveCfg = Debug|Any CPU
		{A4835CC5-C00D-4F16-943F-D57B3A8547CD}.Debug|Any CPU.Build.0 = Debug|Any CPU
		{A4835CC5-C00D-4F16-943F-D57B3A8547CD}.Release|Any CPU.ActiveCfg = Release|Any CPU
		{A4835CC5-C00D-4F16-943F-D57B3A8547CD}.Release|Any CPU.Build.0 = Release|Any CPU
		{C228BF58-BD11-40FB-B356-196CDFE2F5C3}.Debug|Any CPU.ActiveCfg = Debug|Any CPU
		{C228BF58-BD11-40FB-B356-196CDFE2F5C3}.Debug|Any CPU.Build.0 = Debug|Any CPU
		{C228BF58-BD11-40FB-B356-196CDFE2F5C3}.Release|Any CPU.ActiveCfg = Release|Any CPU
		{C228BF58-BD11-40FB-B356-196CDFE2F5C3}.Release|Any CPU.Build.0 = Release|Any CPU
	EndGlobalSection
	GlobalSection(SolutionProperties) = preSolution
		HideSolutionNode = FALSE
	EndGlobalSection
	GlobalSection(NestedProjects) = preSolution
		{19B9B9F2-2D2B-41CB-ABF2-CDA0FC6BE9F5} = {FAF2B864-AE65-460A-BD62-163B1C1838DE}
		{908E652D-5A5F-4C6A-96C2-451311CC38CD} = {FAF2B864-AE65-460A-BD62-163B1C1838DE}
		{A4835CC5-C00D-4F16-943F-D57B3A8547CD} = {FAF2B864-AE65-460A-BD62-163B1C1838DE}
		{C228BF58-BD11-40FB-B356-196CDFE2F5C3} = {FAF2B864-AE65-460A-BD62-163B1C1838DE}
	EndGlobalSection
EndGlobal
