Microsoft Visual Studio Solution File, Format Version 12.00
# Visual Studio Version 17
VisualStudioVersion = 17.0.31903.59
MinimumVisualStudioVersion = 10.0.40219.1
Project("{FAE04EC0-301F-11D3-BF4B-00C04F79EFBC}") = "DataDeveloper", "DataDeveloper\DataDeveloper.csproj", "{19B9B9F2-2D2B-41CB-ABF2-CDA0FC6BE9F5}"
EndProject
Project("{FAE04EC0-301F-11D3-BF4B-00C04F79EFBC}") = "DataDeveloper.DataGrid", "DataDeveloper.DataGrid\DataDeveloper.DataGrid.csproj", "{908E652D-5A5F-4C6A-96C2-451311CC38CD}"
EndProject
Project("{FAE04EC0-301F-11D3-BF4B-00C04F79EFBC}") = "Dock.Avalonia", "..\Dock\src\Dock.Avalonia\Dock.Avalonia.csproj", "{1118EBBB-7853-4290-AF02-6AB537798808}"
EndProject
Project("{FAE04EC0-301F-11D3-BF4B-00C04F79EFBC}") = "Avalonia.Controls.ProportionalStackPanel", "..\Dock\src\Avalonia.Controls.ProportionalStackPanel\Avalonia.Controls.ProportionalStackPanel.csproj", "{206568E8-7BE3-47B1-B92B-0619CC93DA93}"
EndProject
Project("{FAE04EC0-301F-11D3-BF4B-00C04F79EFBC}") = "Avalonia.Controls.Recycling", "..\Dock\src\Avalonia.Controls.Recycling\Avalonia.Controls.Recycling.csproj", "{9D898652-44AE-4AAB-A407-F9975941CFCF}"
EndProject
Project("{FAE04EC0-301F-11D3-BF4B-00C04F79EFBC}") = "Avalonia.Controls.Recycling.Model", "..\Dock\src\Avalonia.Controls.Recycling.Model\Avalonia.Controls.Recycling.Model.csproj", "{5E680086-329F-43AC-947E-CC5ED0A4D16F}"
EndProject
Project("{FAE04EC0-301F-11D3-BF4B-00C04F79EFBC}") = "Avalonia.MarkupExtension", "..\Dock\src\Avalonia.MarkupExtension\Avalonia.MarkupExtension.csproj", "{D848B53A-FA82-435A-BC53-E34A52B1DB8C}"
EndProject
Project("{FAE04EC0-301F-11D3-BF4B-00C04F79EFBC}") = "Dock.Model", "..\Dock\src\Dock.Model\Dock.Model.csproj", "{03B3366B-2287-490C-85C4-C9999C42DE64}"
EndProject
Project("{FAE04EC0-301F-11D3-BF4B-00C04F79EFBC}") = "Dock.Model.Avalonia", "..\Dock\src\Dock.Model.Avalonia\Dock.Model.Avalonia.csproj", "{541AEDCD-1717-4812-84A9-509A30578BEF}"
EndProject
Project("{FAE04EC0-301F-11D3-BF4B-00C04F79EFBC}") = "Dock.Model.Mvvm", "..\Dock\src\Dock.Model.Mvvm\Dock.Model.Mvvm.csproj", "{02431BA2-CF4E-4552-8075-A6369D5C29F5}"
EndProject
Project("{FAE04EC0-301F-11D3-BF4B-00C04F79EFBC}") = "Dock.Model.ReactiveUI", "..\Dock\src\Dock.Model.ReactiveUI\Dock.Model.ReactiveUI.csproj", "{0995BA98-122A-47B4-A7E8-41561DF7E02E}"
EndProject
Project("{FAE04EC0-301F-11D3-BF4B-00C04F79EFBC}") = "Dock.Serializer", "..\Dock\src\Dock.Serializer\Dock.Serializer.csproj", "{3899C721-CDD4-4D0A-AEC1-0EFACB692925}"
EndProject
Project("{FAE04EC0-301F-11D3-BF4B-00C04F79EFBC}") = "Dock.Settings", "..\Dock\src\Dock.Settings\Dock.Settings.csproj", "{2175883E-2C9A-4619-99A1-A4CE4B358F78}"
EndProject
Project("{2150E333-8FDC-42A3-9474-1A3956D46DE8}") = "DataDeveloper", "DataDeveloper", "{FAF2B864-AE65-460A-BD62-163B1C1838DE}"
EndProject
Project("{2150E333-8FDC-42A3-9474-1A3956D46DE8}") = "Dock", "Dock", "{44D3E8F7-A4AE-469F-A1DD-0191C03D9C97}"
EndProject
Project("{FAE04EC0-301F-11D3-BF4B-00C04F79EFBC}") = "DataDeveloper.Data", "DataDeveloper.Data\DataDeveloper.Data.csproj", "{A4835CC5-C00D-4F16-943F-D57B3A8547CD}"
EndProject
Project("{FAE04EC0-301F-11D3-BF4B-00C04F79EFBC}") = "DataDeveloper.Core", "DataDeveloper.Core\DataDeveloper.Core.csproj", "{C228BF58-BD11-40FB-B356-196CDFE2F5C3}"
EndProject
Global
	GlobalSection(SolutionConfigurationPlatforms) = preSolution
		Debug|Any CPU = Debug|Any CPU
		Release|Any CPU = Release|Any CPU
	EndGlobalSection
	GlobalSection(ProjectConfigurationPlatforms) = postSolution
		{19B9B9F2-2D2B-41CB-ABF2-CDA0FC6BE9F5}.Debug|Any CPU.ActiveCfg = Debug|Any CPU
		{19B9B9F2-2D2B-41CB-ABF2-CDA0FC6BE9F5}.Debug|Any CPU.Build.0 = Debug|Any CPU
		{19B9B9F2-2D2B-41CB-ABF2-CDA0FC6BE9F5}.Release|Any CPU.ActiveCfg = Release|Any CPU
		{19B9B9F2-2D2B-41CB-ABF2-CDA0FC6BE9F5}.Release|Any CPU.Build.0 = Release|Any CPU
		{908E652D-5A5F-4C6A-96C2-451311CC38CD}.Debug|Any CPU.ActiveCfg = Debug|Any CPU
		{908E652D-5A5F-4C6A-96C2-451311CC38CD}.Debug|Any CPU.Build.0 = Debug|Any CPU
		{908E652D-5A5F-4C6A-96C2-451311CC38CD}.Release|Any CPU.ActiveCfg = Release|Any CPU
		{908E652D-5A5F-4C6A-96C2-451311CC38CD}.Release|Any CPU.Build.0 = Release|Any CPU
		{1118EBBB-7853-4290-AF02-6AB537798808}.Debug|Any CPU.ActiveCfg = Debug|Any CPU
		{1118EBBB-7853-4290-AF02-6AB537798808}.Debug|Any CPU.Build.0 = Debug|Any CPU
		{1118EBBB-7853-4290-AF02-6AB537798808}.Release|Any CPU.ActiveCfg = Release|Any CPU
		{1118EBBB-7853-4290-AF02-6AB537798808}.Release|Any CPU.Build.0 = Release|Any CPU
		{206568E8-7BE3-47B1-B92B-0619CC93DA93}.Debug|Any CPU.ActiveCfg = Debug|Any CPU
		{206568E8-7BE3-47B1-B92B-0619CC93DA93}.Debug|Any CPU.Build.0 = Debug|Any CPU
		{206568E8-7BE3-47B1-B92B-0619CC93DA93}.Release|Any CPU.ActiveCfg = Release|Any CPU
		{206568E8-7BE3-47B1-B92B-0619CC93DA93}.Release|Any CPU.Build.0 = Release|Any CPU
		{9D898652-44AE-4AAB-A407-F9975941CFCF}.Debug|Any CPU.ActiveCfg = Debug|Any CPU
		{9D898652-44AE-4AAB-A407-F9975941CFCF}.Debug|Any CPU.Build.0 = Debug|Any CPU
		{9D898652-44AE-4AAB-A407-F9975941CFCF}.Release|Any CPU.ActiveCfg = Release|Any CPU
		{9D898652-44AE-4AAB-A407-F9975941CFCF}.Release|Any CPU.Build.0 = Release|Any CPU
		{5E680086-329F-43AC-947E-CC5ED0A4D16F}.Debug|Any CPU.ActiveCfg = Debug|Any CPU
		{5E680086-329F-43AC-947E-CC5ED0A4D16F}.Debug|Any CPU.Build.0 = Debug|Any CPU
		{5E680086-329F-43AC-947E-CC5ED0A4D16F}.Release|Any CPU.ActiveCfg = Release|Any CPU
		{5E680086-329F-43AC-947E-CC5ED0A4D16F}.Release|Any CPU.Build.0 = Release|Any CPU
		{D848B53A-FA82-435A-BC53-E34A52B1DB8C}.Debug|Any CPU.ActiveCfg = Debug|Any CPU
		{D848B53A-FA82-435A-BC53-E34A52B1DB8C}.Debug|Any CPU.Build.0 = Debug|Any CPU
		{D848B53A-FA82-435A-BC53-E34A52B1DB8C}.Release|Any CPU.ActiveCfg = Release|Any CPU
		{D848B53A-FA82-435A-BC53-E34A52B1DB8C}.Release|Any CPU.Build.0 = Release|Any CPU
		{03B3366B-2287-490C-85C4-C9999C42DE64}.Debug|Any CPU.ActiveCfg = Debug|Any CPU
		{03B3366B-2287-490C-85C4-C9999C42DE64}.Debug|Any CPU.Build.0 = Debug|Any CPU
		{03B3366B-2287-490C-85C4-C9999C42DE64}.Release|Any CPU.ActiveCfg = Release|Any CPU
		{03B3366B-2287-490C-85C4-C9999C42DE64}.Release|Any CPU.Build.0 = Release|Any CPU
		{541AEDCD-1717-4812-84A9-509A30578BEF}.Debug|Any CPU.ActiveCfg = Debug|Any CPU
		{541AEDCD-1717-4812-84A9-509A30578BEF}.Debug|Any CPU.Build.0 = Debug|Any CPU
		{541AEDCD-1717-4812-84A9-509A30578BEF}.Release|Any CPU.ActiveCfg = Release|Any CPU
		{541AEDCD-1717-4812-84A9-509A30578BEF}.Release|Any CPU.Build.0 = Release|Any CPU
		{02431BA2-CF4E-4552-8075-A6369D5C29F5}.Debug|Any CPU.ActiveCfg = Debug|Any CPU
		{02431BA2-CF4E-4552-8075-A6369D5C29F5}.Debug|Any CPU.Build.0 = Debug|Any CPU
		{02431BA2-CF4E-4552-8075-A6369D5C29F5}.Release|Any CPU.ActiveCfg = Release|Any CPU
		{02431BA2-CF4E-4552-8075-A6369D5C29F5}.Release|Any CPU.Build.0 = Release|Any CPU
		{0995BA98-122A-47B4-A7E8-41561DF7E02E}.Debug|Any CPU.ActiveCfg = Debug|Any CPU
		{0995BA98-122A-47B4-A7E8-41561DF7E02E}.Debug|Any CPU.Build.0 = Debug|Any CPU
		{0995BA98-122A-47B4-A7E8-41561DF7E02E}.Release|Any CPU.ActiveCfg = Release|Any CPU
		{0995BA98-122A-47B4-A7E8-41561DF7E02E}.Release|Any CPU.Build.0 = Release|Any CPU
		{3899C721-CDD4-4D0A-AEC1-0EFACB692925}.Debug|Any CPU.ActiveCfg = Debug|Any CPU
		{3899C721-CDD4-4D0A-AEC1-0EFACB692925}.Debug|Any CPU.Build.0 = Debug|Any CPU
		{3899C721-CDD4-4D0A-AEC1-0EFACB692925}.Release|Any CPU.ActiveCfg = Release|Any CPU
		{3899C721-CDD4-4D0A-AEC1-0EFACB692925}.Release|Any CPU.Build.0 = Release|Any CPU
		{2175883E-2C9A-4619-99A1-A4CE4B358F78}.Debug|Any CPU.ActiveCfg = Debug|Any CPU
		{2175883E-2C9A-4619-99A1-A4CE4B358F78}.Debug|Any CPU.Build.0 = Debug|Any CPU
		{2175883E-2C9A-4619-99A1-A4CE4B358F78}.Release|Any CPU.ActiveCfg = Release|Any CPU
		{2175883E-2C9A-4619-99A1-A4CE4B358F78}.Release|Any CPU.Build.0 = Release|Any CPU
		{A4835CC5-C00D-4F16-943F-D57B3A8547CD}.Debug|Any CPU.ActiveCfg = Debug|Any CPU
		{A4835CC5-C00D-4F16-943F-D57B3A8547CD}.Debug|Any CPU.Build.0 = Debug|Any CPU
		{A4835CC5-C00D-4F16-943F-D57B3A8547CD}.Release|Any CPU.ActiveCfg = Release|Any CPU
		{A4835CC5-C00D-4F16-943F-D57B3A8547CD}.Release|Any CPU.Build.0 = Release|Any CPU
		{C228BF58-BD11-40FB-B356-196CDFE2F5C3}.Debug|Any CPU.ActiveCfg = Debug|Any CPU
		{C228BF58-BD11-40FB-B356-196CDFE2F5C3}.Debug|Any CPU.Build.0 = Debug|Any CPU
		{C228BF58-BD11-40FB-B356-196CDFE2F5C3}.Release|Any CPU.ActiveCfg = Release|Any CPU
		{C228BF58-BD11-40FB-B356-196CDFE2F5C3}.Release|Any CPU.Build.0 = Release|Any CPU
	EndGlobalSection
	GlobalSection(SolutionProperties) = preSolution
		HideSolutionNode = FALSE
	EndGlobalSection
	GlobalSection(NestedProjects) = preSolution
		{206568E8-7BE3-47B1-B92B-0619CC93DA93} = {44D3E8F7-A4AE-469F-A1DD-0191C03D9C97}
		{9D898652-44AE-4AAB-A407-F9975941CFCF} = {44D3E8F7-A4AE-469F-A1DD-0191C03D9C97}
		{5E680086-329F-43AC-947E-CC5ED0A4D16F} = {44D3E8F7-A4AE-469F-A1DD-0191C03D9C97}
		{D848B53A-FA82-435A-BC53-E34A52B1DB8C} = {44D3E8F7-A4AE-469F-A1DD-0191C03D9C97}
		{19B9B9F2-2D2B-41CB-ABF2-CDA0FC6BE9F5} = {FAF2B864-AE65-460A-BD62-163B1C1838DE}
		{908E652D-5A5F-4C6A-96C2-451311CC38CD} = {FAF2B864-AE65-460A-BD62-163B1C1838DE}
		{1118EBBB-7853-4290-AF02-6AB537798808} = {44D3E8F7-A4AE-469F-A1DD-0191C03D9C97}
		{03B3366B-2287-490C-85C4-C9999C42DE64} = {44D3E8F7-A4AE-469F-A1DD-0191C03D9C97}
		{541AEDCD-1717-4812-84A9-509A30578BEF} = {44D3E8F7-A4AE-469F-A1DD-0191C03D9C97}
		{02431BA2-CF4E-4552-8075-A6369D5C29F5} = {44D3E8F7-A4AE-469F-A1DD-0191C03D9C97}
		{0995BA98-122A-47B4-A7E8-41561DF7E02E} = {44D3E8F7-A4AE-469F-A1DD-0191C03D9C97}
		{3899C721-CDD4-4D0A-AEC1-0EFACB692925} = {44D3E8F7-A4AE-469F-A1DD-0191C03D9C97}
		{2175883E-2C9A-4619-99A1-A4CE4B358F78} = {44D3E8F7-A4AE-469F-A1DD-0191C03D9C97}
		{A4835CC5-C00D-4F16-943F-D57B3A8547CD} = {FAF2B864-AE65-460A-BD62-163B1C1838DE}
		{C228BF58-BD11-40FB-B356-196CDFE2F5C3} = {FAF2B864-AE65-460A-BD62-163B1C1838DE}
	EndGlobalSection
EndGlobal
